# THIS IS AN AUTOGENERATED FILE. DO NOT EDIT THIS FILE DIRECTLY.
# yarn lockfile v1


react-native-safe-area-context@^4.7.1:
  version "4.7.1"
  resolved "https://registry.yarnpkg.com/react-native-safe-area-context/-/react-native-safe-area-context-4.7.1.tgz#b7be2d68dee909717cfa439bb5c7966042d231e8"
  integrity sha512-X2pJG2ttmAbiGlItWedvDkZg1T1ikmEDiz+7HsiIwAIm2UbFqlhqn+B1JF53mSxPzdNaDcCQVHRNPvj8oFu6Yg==

react-native-uuid@^2.0.1:
  version "2.0.1"
  resolved "https://registry.yarnpkg.com/react-native-uuid/-/react-native-uuid-2.0.1.tgz#ed4e2dfb1683eddb66967eb5dca140dfe1abddb9"
  integrity sha512-cptnoIbL53GTCrWlb/+jrDC6tvb7ypIyzbXNJcpR3Vab0mkeaaVd5qnB3f0whXYzS+SMoSQLcUUB0gEWqkPC0g==
